
Microsoft Visual Studio Solution File, Format Version 12.00
# Visual Studio 2012
Project("{FAE04EC0-301F-11D3-BF4B-00C04F79EFBC}") = "AlbumReviewerFrontend", "AlbumReviewerFrontend\AlbumReviewerFrontend.csproj", "{DD92C537-9019-42E3-ADE9-C2AF3FCD4ADC}"
EndProject
Global
	GlobalSection(SolutionConfigurationPlatforms) = preSolution
		Debug|Any CPU = Debug|Any CPU
		Release|Any CPU = Release|Any CPU
	EndGlobalSection
	GlobalSection(ProjectConfigurationPlatforms) = postSolution
		{DD92C537-9019-42E3-ADE9-C2AF3FCD4ADC}.Debug|Any CPU.ActiveCfg = Debug|Any CPU
		{DD92C537-9019-42E3-ADE9-C2AF3FCD4ADC}.Debug|Any CPU.Build.0 = Debug|Any CPU
		{DD92C537-9019-42E3-ADE9-C2AF3FCD4ADC}.Release|Any CPU.ActiveCfg = Release|Any CPU
		{DD92C537-9019-42E3-ADE9-C2AF3FCD4ADC}.Release|Any CPU.Build.0 = Release|Any CPU
	EndGlobalSection
	GlobalSection(SolutionProperties) = preSolution
		HideSolutionNode = FALSE
	EndGlobalSection
EndGlobal
